
Microsoft Visual Studio Solution File, Format Version 12.00
# Visual Studio Version 17
VisualStudioVersion = 17.0.31903.59
MinimumVisualStudioVersion = 10.0.40219.1
Project("{2150E333-8FDC-42A3-9474-1A3956D46DE8}") = "src", "src", "{827E0CD3-B72D-47B6-A68D-7590B98EB39B}"
EndProject
Project("{FAE04EC0-301F-11D3-BF4B-00C04F79EFBC}") = "PasswordManager.Api", "src\PasswordManager.Api\PasswordManager.Api.csproj", "{7C3D8DD9-AB46-45AB-BE1A-AA4AF1954FBE}"
EndProject
Project("{FAE04EC0-301F-11D3-BF4B-00C04F79EFBC}") = "PasswordManager.Core", "src\PasswordManager.Core\PasswordManager.Core.csproj", "{AE81E9E2-8E5F-40E8-A57F-3D6FA3477DA9}"
EndProject
Project("{FAE04EC0-301F-11D3-BF4B-00C04F79EFBC}") = "PasswordManager.Crypto", "src\PasswordManager.Crypto\PasswordManager.Crypto.csproj", "{656EEE70-FD71-436F-8CA3-DCCC76F522E5}"
EndProject
Project("{FAE04EC0-301F-11D3-BF4B-00C04F79EFBC}") = "PasswordManager.Data", "src\PasswordManager.Data\PasswordManager.Data.csproj", "{5E8BCA0A-4928-4938-9858-78AB8F107A2E}"
EndProject
Project("{FAE04EC0-301F-11D3-BF4B-00C04F79EFBC}") = "PasswordManager.Services", "src\PasswordManager.Services\PasswordManager.Services.csproj", "{1DB82D00-6249-47FB-A57E-5E0877E2DC99}"
EndProject
Global
	GlobalSection(SolutionConfigurationPlatforms) = preSolution
		Debug|Any CPU = Debug|Any CPU
		Debug|x64 = Debug|x64
		Debug|x86 = Debug|x86
		Release|Any CPU = Release|Any CPU
		Release|x64 = Release|x64
		Release|x86 = Release|x86
	EndGlobalSection
	GlobalSection(ProjectConfigurationPlatforms) = postSolution
		{7C3D8DD9-AB46-45AB-BE1A-AA4AF1954FBE}.Debug|Any CPU.ActiveCfg = Debug|Any CPU
		{7C3D8DD9-AB46-45AB-BE1A-AA4AF1954FBE}.Debug|Any CPU.Build.0 = Debug|Any CPU
		{7C3D8DD9-AB46-45AB-BE1A-AA4AF1954FBE}.Debug|x64.ActiveCfg = Debug|Any CPU
		{7C3D8DD9-AB46-45AB-BE1A-AA4AF1954FBE}.Debug|x64.Build.0 = Debug|Any CPU
		{7C3D8DD9-AB46-45AB-BE1A-AA4AF1954FBE}.Debug|x86.ActiveCfg = Debug|Any CPU
		{7C3D8DD9-AB46-45AB-BE1A-AA4AF1954FBE}.Debug|x86.Build.0 = Debug|Any CPU
		{7C3D8DD9-AB46-45AB-BE1A-AA4AF1954FBE}.Release|Any CPU.ActiveCfg = Release|Any CPU
		{7C3D8DD9-AB46-45AB-BE1A-AA4AF1954FBE}.Release|Any CPU.Build.0 = Release|Any CPU
		{7C3D8DD9-AB46-45AB-BE1A-AA4AF1954FBE}.Release|x64.ActiveCfg = Release|Any CPU
		{7C3D8DD9-AB46-45AB-BE1A-AA4AF1954FBE}.Release|x64.Build.0 = Release|Any CPU
		{7C3D8DD9-AB46-45AB-BE1A-AA4AF1954FBE}.Release|x86.ActiveCfg = Release|Any CPU
		{7C3D8DD9-AB46-45AB-BE1A-AA4AF1954FBE}.Release|x86.Build.0 = Release|Any CPU
		{AE81E9E2-8E5F-40E8-A57F-3D6FA3477DA9}.Debug|Any CPU.ActiveCfg = Debug|Any CPU
		{AE81E9E2-8E5F-40E8-A57F-3D6FA3477DA9}.Debug|Any CPU.Build.0 = Debug|Any CPU
		{AE81E9E2-8E5F-40E8-A57F-3D6FA3477DA9}.Debug|x64.ActiveCfg = Debug|Any CPU
		{AE81E9E2-8E5F-40E8-A57F-3D6FA3477DA9}.Debug|x64.Build.0 = Debug|Any CPU
		{AE81E9E2-8E5F-40E8-A57F-3D6FA3477DA9}.Debug|x86.ActiveCfg = Debug|Any CPU
		{AE81E9E2-8E5F-40E8-A57F-3D6FA3477DA9}.Debug|x86.Build.0 = Debug|Any CPU
		{AE81E9E2-8E5F-40E8-A57F-3D6FA3477DA9}.Release|Any CPU.ActiveCfg = Release|Any CPU
		{AE81E9E2-8E5F-40E8-A57F-3D6FA3477DA9}.Release|Any CPU.Build.0 = Release|Any CPU
		{AE81E9E2-8E5F-40E8-A57F-3D6FA3477DA9}.Release|x64.ActiveCfg = Release|Any CPU
		{AE81E9E2-8E5F-40E8-A57F-3D6FA3477DA9}.Release|x64.Build.0 = Release|Any CPU
		{AE81E9E2-8E5F-40E8-A57F-3D6FA3477DA9}.Release|x86.ActiveCfg = Release|Any CPU
		{AE81E9E2-8E5F-40E8-A57F-3D6FA3477DA9}.Release|x86.Build.0 = Release|Any CPU
		{656EEE70-FD71-436F-8CA3-DCCC76F522E5}.Debug|Any CPU.ActiveCfg = Debug|Any CPU
		{656EEE70-FD71-436F-8CA3-DCCC76F522E5}.Debug|Any CPU.Build.0 = Debug|Any CPU
		{656EEE70-FD71-436F-8CA3-DCCC76F522E5}.Debug|x64.ActiveCfg = Debug|Any CPU
		{656EEE70-FD71-436F-8CA3-DCCC76F522E5}.Debug|x64.Build.0 = Debug|Any CPU
		{656EEE70-FD71-436F-8CA3-DCCC76F522E5}.Debug|x86.ActiveCfg = Debug|Any CPU
		{656EEE70-FD71-436F-8CA3-DCCC76F522E5}.Debug|x86.Build.0 = Debug|Any CPU
		{656EEE70-FD71-436F-8CA3-DCCC76F522E5}.Release|Any CPU.ActiveCfg = Release|Any CPU
		{656EEE70-FD71-436F-8CA3-DCCC76F522E5}.Release|Any CPU.Build.0 = Release|Any CPU
		{656EEE70-FD71-436F-8CA3-DCCC76F522E5}.Release|x64.ActiveCfg = Release|Any CPU
		{656EEE70-FD71-436F-8CA3-DCCC76F522E5}.Release|x64.Build.0 = Release|Any CPU
		{656EEE70-FD71-436F-8CA3-DCCC76F522E5}.Release|x86.ActiveCfg = Release|Any CPU
		{656EEE70-FD71-436F-8CA3-DCCC76F522E5}.Release|x86.Build.0 = Release|Any CPU
		{5E8BCA0A-4928-4938-9858-78AB8F107A2E}.Debug|Any CPU.ActiveCfg = Debug|Any CPU
		{5E8BCA0A-4928-4938-9858-78AB8F107A2E}.Debug|Any CPU.Build.0 = Debug|Any CPU
		{5E8BCA0A-4928-4938-9858-78AB8F107A2E}.Debug|x64.ActiveCfg = Debug|Any CPU
		{5E8BCA0A-4928-4938-9858-78AB8F107A2E}.Debug|x64.Build.0 = Debug|Any CPU
		{5E8BCA0A-4928-4938-9858-78AB8F107A2E}.Debug|x86.ActiveCfg = Debug|Any CPU
		{5E8BCA0A-4928-4938-9858-78AB8F107A2E}.Debug|x86.Build.0 = Debug|Any CPU
		{5E8BCA0A-4928-4938-9858-78AB8F107A2E}.Release|Any CPU.ActiveCfg = Release|Any CPU
		{5E8BCA0A-4928-4938-9858-78AB8F107A2E}.Release|Any CPU.Build.0 = Release|Any CPU
		{5E8BCA0A-4928-4938-9858-78AB8F107A2E}.Release|x64.ActiveCfg = Release|Any CPU
		{5E8BCA0A-4928-4938-9858-78AB8F107A2E}.Release|x64.Build.0 = Release|Any CPU
		{5E8BCA0A-4928-4938-9858-78AB8F107A2E}.Release|x86.ActiveCfg = Release|Any CPU
		{5E8BCA0A-4928-4938-9858-78AB8F107A2E}.Release|x86.Build.0 = Release|Any CPU
		{1DB82D00-6249-47FB-A57E-5E0877E2DC99}.Debug|Any CPU.ActiveCfg = Debug|Any CPU
		{1DB82D00-6249-47FB-A57E-5E0877E2DC99}.Debug|Any CPU.Build.0 = Debug|Any CPU
		{1DB82D00-6249-47FB-A57E-5E0877E2DC99}.Debug|x64.ActiveCfg = Debug|Any CPU
		{1DB82D00-6249-47FB-A57E-5E0877E2DC99}.Debug|x64.Build.0 = Debug|Any CPU
		{1DB82D00-6249-47FB-A57E-5E0877E2DC99}.Debug|x86.ActiveCfg = Debug|Any CPU
		{1DB82D00-6249-47FB-A57E-5E0877E2DC99}.Debug|x86.Build.0 = Debug|Any CPU
		{1DB82D00-6249-47FB-A57E-5E0877E2DC99}.Release|Any CPU.ActiveCfg = Release|Any CPU
		{1DB82D00-6249-47FB-A57E-5E0877E2DC99}.Release|Any CPU.Build.0 = Release|Any CPU
		{1DB82D00-6249-47FB-A57E-5E0877E2DC99}.Release|x64.ActiveCfg = Release|Any CPU
		{1DB82D00-6249-47FB-A57E-5E0877E2DC99}.Release|x64.Build.0 = Release|Any CPU
		{1DB82D00-6249-47FB-A57E-5E0877E2DC99}.Release|x86.ActiveCfg = Release|Any CPU
		{1DB82D00-6249-47FB-A57E-5E0877E2DC99}.Release|x86.Build.0 = Release|Any CPU
	EndGlobalSection
	GlobalSection(SolutionProperties) = preSolution
		HideSolutionNode = FALSE
	EndGlobalSection
	GlobalSection(NestedProjects) = preSolution
		{7C3D8DD9-AB46-45AB-BE1A-AA4AF1954FBE} = {827E0CD3-B72D-47B6-A68D-7590B98EB39B}
		{AE81E9E2-8E5F-40E8-A57F-3D6FA3477DA9} = {827E0CD3-B72D-47B6-A68D-7590B98EB39B}
		{656EEE70-FD71-436F-8CA3-DCCC76F522E5} = {827E0CD3-B72D-47B6-A68D-7590B98EB39B}
		{5E8BCA0A-4928-4938-9858-78AB8F107A2E} = {827E0CD3-B72D-47B6-A68D-7590B98EB39B}
		{1DB82D00-6249-47FB-A57E-5E0877E2DC99} = {827E0CD3-B72D-47B6-A68D-7590B98EB39B}
	EndGlobalSection
EndGlobal
